
Microsoft Visual Studio Solution File, Format Version 12.00
# Visual Studio Version 17
VisualStudioVersion = 17.14.36401.2 d17.14
MinimumVisualStudioVersion = 10.0.40219.1
Project("{FAE04EC0-301F-11D3-BF4B-00C04F79EFBC}") = "QuanLiCuaHang_NongDuoc", "QuanLiCuaHang_NongDuoc.csproj", "{370A8CFA-1398-45FA-8E86-E95531938114}"
EndProject
Global
	GlobalSection(SolutionConfigurationPlatforms) = preSolution
		Debug|Any CPU = Debug|Any CPU
		Release|Any CPU = Release|Any CPU
	EndGlobalSection
	GlobalSection(ProjectConfigurationPlatforms) = postSolution
		{370A8CFA-1398-45FA-8E86-E95531938114}.Debug|Any CPU.ActiveCfg = Debug|Any CPU
		{370A8CFA-1398-45FA-8E86-E95531938114}.Debug|Any CPU.Build.0 = Debug|Any CPU
		{370A8CFA-1398-45FA-8E86-E95531938114}.Release|Any CPU.ActiveCfg = Release|Any CPU
		{370A8CFA-1398-45FA-8E86-E95531938114}.Release|Any CPU.Build.0 = Release|Any CPU
	EndGlobalSection
	GlobalSection(SolutionProperties) = preSolution
		HideSolutionNode = FALSE
	EndGlobalSection
	GlobalSection(ExtensibilityGlobals) = postSolution
		SolutionGuid = {2D269D39-BB97-4D70-A9D8-8AB2779E9911}
	EndGlobalSection
EndGlobal
